{
  "name": "from-ajs",
  "version": "1.0.0",
  "lockfileVersion": 2,
  "requires": true,
  "packages": {
    "": {
      "name": "from-ajs",
      "version": "1.0.0",
      "license": "ISC",
      "dependencies": {
        "@antonio-87/ajs": "^1.0.1"
      }
    },
    "node_modules/@antonio-87/ajs": {
      "version": "1.0.1",
      "resolved": "https://npm.pkg.github.com/download/@antonio-87/ajs/1.0.1/d86653d60437ca5ae3eda574aa1fa1bb2b24fe45",
      "integrity": "sha512-2ACtwM7JSFJ0gPH2zc3/myGmf2DAGgyqh21zfbdMYVt75No1aG9u/kkY5d+zZlqOqZlh/q9sp6bmnf68kb2xAA==",
      "license": "ISC"
    }
  },
  "dependencies": {
    "@antonio-87/ajs": {
      "version": "1.0.1",
      "resolved": "https://npm.pkg.github.com/download/@antonio-87/ajs/1.0.1/d86653d60437ca5ae3eda574aa1fa1bb2b24fe45",
      "integrity": "sha512-2ACtwM7JSFJ0gPH2zc3/myGmf2DAGgyqh21zfbdMYVt75No1aG9u/kkY5d+zZlqOqZlh/q9sp6bmnf68kb2xAA=="
    }
  }
}
